
Microsoft Visual Studio Solution File, Format Version 12.00
# Visual Studio Version 17
VisualStudioVersion = 17.6.33815.320
MinimumVisualStudioVersion = 10.0.40219.1
Project("{FAE04EC0-301F-11D3-BF4B-00C04F79EFBC}") = "RelayControll", "RelayControll\RelayControll.csproj", "{4919F1ED-38BD-42CA-8916-AC4C9F8B1B29}"
EndProject
Project("{FAE04EC0-301F-11D3-BF4B-00C04F79EFBC}") = "MyTurniketControll", "MyTurniketControll\MyTurniketControll.csproj", "{3F673ADC-1F69-425B-9CB8-3B179EFCA8ED}"
EndProject
Global
	GlobalSection(SolutionConfigurationPlatforms) = preSolution
		Debug|Any CPU = Debug|Any CPU
		Release|Any CPU = Release|Any CPU
	EndGlobalSection
	GlobalSection(ProjectConfigurationPlatforms) = postSolution
		{4919F1ED-38BD-42CA-8916-AC4C9F8B1B29}.Debug|Any CPU.ActiveCfg = Debug|Any CPU
		{4919F1ED-38BD-42CA-8916-AC4C9F8B1B29}.Debug|Any CPU.Build.0 = Debug|Any CPU
		{4919F1ED-38BD-42CA-8916-AC4C9F8B1B29}.Release|Any CPU.ActiveCfg = Release|Any CPU
		{4919F1ED-38BD-42CA-8916-AC4C9F8B1B29}.Release|Any CPU.Build.0 = Release|Any CPU
		{3F673ADC-1F69-425B-9CB8-3B179EFCA8ED}.Debug|Any CPU.ActiveCfg = Debug|Any CPU
		{3F673ADC-1F69-425B-9CB8-3B179EFCA8ED}.Debug|Any CPU.Build.0 = Debug|Any CPU
		{3F673ADC-1F69-425B-9CB8-3B179EFCA8ED}.Release|Any CPU.ActiveCfg = Release|Any CPU
		{3F673ADC-1F69-425B-9CB8-3B179EFCA8ED}.Release|Any CPU.Build.0 = Release|Any CPU
	EndGlobalSection
	GlobalSection(SolutionProperties) = preSolution
		HideSolutionNode = FALSE
	EndGlobalSection
	GlobalSection(ExtensibilityGlobals) = postSolution
		SolutionGuid = {12A26E0E-519C-4954-B90D-187DC71E7321}
	EndGlobalSection
EndGlobal
